
Microsoft Visual Studio Solution File, Format Version 12.00
# Visual Studio Version 17
VisualStudioVersion = 17.5.33530.505
MinimumVisualStudioVersion = 10.0.40219.1
Project("{9A19103F-16F7-4668-BE54-9A1E7A4F7556}") = "SlotMachine", "SlotMachine.csproj", "{C6FBAC1F-96A5-4B6C-94E3-7D0FF2D6A63B}"
EndProject
Project("{2150E333-8FDC-42A3-9474-1A3956D46DE8}") = "Solution Items", "Solution Items", "{5460FBB4-0831-47F6-AB20-646C4B8AF8D0}"
EndProject
Global
	GlobalSection(SolutionConfigurationPlatforms) = preSolution
		Debug|Any CPU = Debug|Any CPU
		Release|Any CPU = Release|Any CPU
	EndGlobalSection
	GlobalSection(ProjectConfigurationPlatforms) = postSolution
		{C6FBAC1F-96A5-4B6C-94E3-7D0FF2D6A63B}.Debug|Any CPU.ActiveCfg = Debug|Any CPU
		{C6FBAC1F-96A5-4B6C-94E3-7D0FF2D6A63B}.Debug|Any CPU.Build.0 = Debug|Any CPU
		{C6FBAC1F-96A5-4B6C-94E3-7D0FF2D6A63B}.Release|Any CPU.ActiveCfg = Release|Any CPU
		{C6FBAC1F-96A5-4B6C-94E3-7D0FF2D6A63B}.Release|Any CPU.Build.0 = Release|Any CPU
	EndGlobalSection
	GlobalSection(SolutionProperties) = preSolution
		HideSolutionNode = FALSE
	EndGlobalSection
	GlobalSection(ExtensibilityGlobals) = postSolution
		SolutionGuid = {4509A673-2444-4B25-BC99-A2EB157855E5}
	EndGlobalSection
EndGlobal
